
Microsoft Visual Studio Solution File, Format Version 12.00
# Visual Studio Version 16
VisualStudioVersion = 16.0.29609.76
MinimumVisualStudioVersion = 10.0.40219.1
Project("{FAE04EC0-301F-11D3-BF4B-00C04F79EFBC}") = "LayTheGroundWork", "LayTheGroundWork.csproj", "{2A15E6E2-2FAB-4336-965F-71FDEE625B22}"
EndProject
Global
	GlobalSection(SolutionConfigurationPlatforms) = preSolution
		Debug|Any CPU = Debug|Any CPU
		Release|Any CPU = Release|Any CPU
	EndGlobalSection
	GlobalSection(ProjectConfigurationPlatforms) = postSolution
		{2A15E6E2-2FAB-4336-965F-71FDEE625B22}.Debug|Any CPU.ActiveCfg = Debug|Any CPU
		{2A15E6E2-2FAB-4336-965F-71FDEE625B22}.Debug|Any CPU.Build.0 = Debug|Any CPU
		{2A15E6E2-2FAB-4336-965F-71FDEE625B22}.Release|Any CPU.ActiveCfg = Release|Any CPU
		{2A15E6E2-2FAB-4336-965F-71FDEE625B22}.Release|Any CPU.Build.0 = Release|Any CPU
	EndGlobalSection
	GlobalSection(SolutionProperties) = preSolution
		HideSolutionNode = FALSE
	EndGlobalSection
	GlobalSection(ExtensibilityGlobals) = postSolution
		SolutionGuid = {99BEBACC-F0C5-4D30-9586-F769983BA6B5}
	EndGlobalSection
EndGlobal
