<?xml version="1.0" encoding="utf-8"?>
<Project ToolsVersion="4.0" xmlns="http://schemas.microsoft.com/developer/msbuild/2003">
  <ItemGroup>
    <Filter Include="소스 파일">
      <UniqueIdentifier>{4FC737F1-C7A5-4376-A066-2A32D752A2FF}</UniqueIdentifier>
      <Extensions>cpp;c;cc;cxx;def;odl;idl;hpj;bat;asm;asmx</Extensions>
    </Filter>
    <Filter Include="헤더 파일">
      <UniqueIdentifier>{93995380-89BD-4b04-88EB-625FBE52EBFB}</UniqueIdentifier>
      <Extensions>h;hh;hpp;hxx;hm;inl;inc;ipp;xsd</Extensions>
    </Filter>
    <Filter Include="리소스 파일">
      <UniqueIdentifier>{67DA6AB6-F800-4c08-8B7A-83BB121AAD01}</UniqueIdentifier>
      <Extensions>rc;ico;cur;bmp;dlg;rc2;rct;bin;rgs;gif;jpg;jpeg;jpe;resx;tiff;tif;png;wav;mfcribbon-ms</Extensions>
    </Filter>
  </ItemGroup>
  <ItemGroup>
    <ClCompile Include="Trie.cpp">
      <Filter>소스 파일</Filter>
    </ClCompile>
    <ClCompile Include="flownetwork(ford-fulkerson).cpp">
      <Filter>소스 파일</Filter>
    </ClCompile>
    <ClCompile Include="dijkstra.cpp">
      <Filter>소스 파일</Filter>
    </ClCompile>
    <ClCompile Include="floydwashall.cpp">
      <Filter>소스 파일</Filter>
    </ClCompile>
    <ClCompile Include="bellmanford.cpp">
      <Filter>소스 파일</Filter>
    </ClCompile>
    <ClCompile Include="binarytree.cpp">
      <Filter>소스 파일</Filter>
    </ClCompile>
    <ClCompile Include="unionfind.cpp">
      <Filter>소스 파일</Filter>
    </ClCompile>
    <ClCompile Include="segmenttree.cpp">
      <Filter>소스 파일</Filter>
    </ClCompile>
    <ClCompile Include="SieveofEratosthenes.cpp">
      <Filter>소스 파일</Filter>
    </ClCompile>
    <ClCompile Include="heavylightdecomposition.cpp">
      <Filter>소스 파일</Filter>
    </ClCompile>
    <ClCompile Include="kruskal(mst).cpp">
      <Filter>소스 파일</Filter>
    </ClCompile>
    <ClCompile Include="prim(mst).cpp">
      <Filter>소스 파일</Filter>
    </ClCompile>
    <ClCompile Include="tets.cpp">
      <Filter>소스 파일</Filter>
    </ClCompile>
    <ClCompile Include="mcmf.cpp">
      <Filter>소스 파일</Filter>
    </ClCompile>
    <ClCompile Include="zkwMCMF.cpp">
      <Filter>소스 파일</Filter>
    </ClCompile>
    <ClCompile Include="Johnson’s Algorithm(MCMF).cpp">
      <Filter>소스 파일</Filter>
    </ClCompile>
  </ItemGroup>
</Project>